
Microsoft Visual Studio Solution File, Format Version 12.00
# Visual Studio Version 16
VisualStudioVersion = 16.0.30517.126
MinimumVisualStudioVersion = 10.0.40219.1
Project("{FAE04EC0-301F-11D3-BF4B-00C04F79EFBC}") = "ServiceMtk-P1-20180140098", "ServiceMtk-P1-20180140098\ServiceMtk-P1-20180140098.csproj", "{CA207139-8A7E-499B-AA61-A8426AF0CFC7}"
EndProject
Global
	GlobalSection(SolutionConfigurationPlatforms) = preSolution
		Debug|Any CPU = Debug|Any CPU
		Release|Any CPU = Release|Any CPU
	EndGlobalSection
	GlobalSection(ProjectConfigurationPlatforms) = postSolution
		{CA207139-8A7E-499B-AA61-A8426AF0CFC7}.Debug|Any CPU.ActiveCfg = Debug|Any CPU
		{CA207139-8A7E-499B-AA61-A8426AF0CFC7}.Debug|Any CPU.Build.0 = Debug|Any CPU
		{CA207139-8A7E-499B-AA61-A8426AF0CFC7}.Release|Any CPU.ActiveCfg = Release|Any CPU
		{CA207139-8A7E-499B-AA61-A8426AF0CFC7}.Release|Any CPU.Build.0 = Release|Any CPU
	EndGlobalSection
	GlobalSection(SolutionProperties) = preSolution
		HideSolutionNode = FALSE
	EndGlobalSection
	GlobalSection(ExtensibilityGlobals) = postSolution
		SolutionGuid = {B92174C0-7B4F-45CC-B814-CEA49C11B5F9}
	EndGlobalSection
EndGlobal
